// !$*UTF8*$!
{
	archiveVersion = 1;
	classes = {
	};
	objectVersion = 55;
	objects = {

/* Begin PBXBuildFile section */
		04BE850B21E0A267B73ED193 /* Pods_Suko_SukoUITests.framework in Frameworks */ = {isa = PBXBuildFile; fileRef = 8D458C8ACA751B018C32B1CC /* Pods_Suko_SukoUITests.framework */; };
		454265194B292261FEA79B26 /* Pods_Suko.framework in Frameworks */ = {isa = PBXBuildFile; fileRef = 2C92483A9CFE228320363049 /* Pods_Suko.framework */; };
		5302D388287F7A280009018D /* SUKUserMapViewController.m in Sources */ = {isa = PBXBuildFile; fileRef = 5302D387287F7A280009018D /* SUKUserMapViewController.m */; };
		5302D38A287F7AB20009018D /* MapKit.framework in Frameworks */ = {isa = PBXBuildFile; fileRef = 5302D389287F7AB20009018D /* MapKit.framework */; };
		530400FC286D2FA800B63138 /* SUKAPIManager.m in Sources */ = {isa = PBXBuildFile; fileRef = 530400FB286D2FA800B63138 /* SUKAPIManager.m */; };
		531C3A052874C14B002E80C4 /* SUKHomeViewController.m in Sources */ = {isa = PBXBuildFile; fileRef = 531C3A042874C14B002E80C4 /* SUKHomeViewController.m */; };
		531C3A082874C57A002E80C4 /* SUKHomeTableViewCell.m in Sources */ = {isa = PBXBuildFile; fileRef = 531C3A072874C57A002E80C4 /* SUKHomeTableViewCell.m */; };
		531C3A0B2874D849002E80C4 /* SUKHomeCollectionViewCell.m in Sources */ = {isa = PBXBuildFile; fileRef = 531C3A0A2874D849002E80C4 /* SUKHomeCollectionViewCell.m */; };
		53291ED32878C6C900B12469 /* SUKSignUpViewController.m in Sources */ = {isa = PBXBuildFile; fileRef = 53291ED22878C6C900B12469 /* SUKSignUpViewController.m */; };
		53291ED62878C6DF00B12469 /* SUKLoginViewController.m in Sources */ = {isa = PBXBuildFile; fileRef = 53291ED52878C6DF00B12469 /* SUKLoginViewController.m */; };
		532AB031287752DC00114DBA /* SUKAnime.m in Sources */ = {isa = PBXBuildFile; fileRef = 532AB030287752DC00114DBA /* SUKAnime.m */; };
		535AE84028789530007D6059 /* SUKDetailsViewController.m in Sources */ = {isa = PBXBuildFile; fileRef = 535AE83F28789530007D6059 /* SUKDetailsViewController.m */; };
		5397F5E8286B676800E9D894 /* AppDelegate.m in Sources */ = {isa = PBXBuildFile; fileRef = 5397F5E7286B676800E9D894 /* AppDelegate.m */; };
		5397F5EB286B676800E9D894 /* SceneDelegate.m in Sources */ = {isa = PBXBuildFile; fileRef = 5397F5EA286B676800E9D894 /* SceneDelegate.m */; };
		5397F5F1286B676800E9D894 /* Main.storyboard in Resources */ = {isa = PBXBuildFile; fileRef = 5397F5EF286B676800E9D894 /* Main.storyboard */; };
		5397F5F3286B676900E9D894 /* Assets.xcassets in Resources */ = {isa = PBXBuildFile; fileRef = 5397F5F2286B676900E9D894 /* Assets.xcassets */; };
		5397F5F6286B676900E9D894 /* LaunchScreen.storyboard in Resources */ = {isa = PBXBuildFile; fileRef = 5397F5F4286B676900E9D894 /* LaunchScreen.storyboard */; };
		5397F5F9286B676900E9D894 /* main.m in Sources */ = {isa = PBXBuildFile; fileRef = 5397F5F8286B676900E9D894 /* main.m */; };
		53A97520287DF9B400D163BF /* SUKProfileViewController.m in Sources */ = {isa = PBXBuildFile; fileRef = 53A9751F287DF9B400D163BF /* SUKProfileViewController.m */; };
		53A97523287DFCF900D163BF /* SUKEditProfileViewController.m in Sources */ = {isa = PBXBuildFile; fileRef = 53A97522287DFCF900D163BF /* SUKEditProfileViewController.m */; };
		53ABF51A288717F00015F1DB /* SUKChooseEventLocationViewController.m in Sources */ = {isa = PBXBuildFile; fileRef = 53ABF519288717F00015F1DB /* SUKChooseEventLocationViewController.m */; };
		53B3302028779B070013F404 /* SUKAnimeListViewController.m in Sources */ = {isa = PBXBuildFile; fileRef = 53B3301F28779B070013F404 /* SUKAnimeListViewController.m */; };
		53B330262877A31E0013F404 /* SUKAnimeListTableViewCell.m in Sources */ = {isa = PBXBuildFile; fileRef = 53B330252877A31E0013F404 /* SUKAnimeListTableViewCell.m */; };
		53C81C8B2885D46500092A46 /* SUKFollow.m in Sources */ = {isa = PBXBuildFile; fileRef = 53C81C8A2885D46500092A46 /* SUKFollow.m */; };
		53CCA6EA28808E5900B217F5 /* SUKNotCurrentUserProfileViewController.m in Sources */ = {isa = PBXBuildFile; fileRef = 53CCA6E928808E5900B217F5 /* SUKNotCurrentUserProfileViewController.m */; };
		53E0D78F2878F72F00CFCF91 /* SUKLibraryViewController.m in Sources */ = {isa = PBXBuildFile; fileRef = 53E0D78E2878F72F00CFCF91 /* SUKLibraryViewController.m */; };
		53E0D7922878FAD900CFCF91 /* SUKLibraryTableViewCell.m in Sources */ = {isa = PBXBuildFile; fileRef = 53E0D7912878FAD900CFCF91 /* SUKLibraryTableViewCell.m */; };
		53E1CDFF2881C80B00186E36 /* SUKCreateNewEventViewController.m in Sources */ = {isa = PBXBuildFile; fileRef = 53E1CDFE2881C80B00186E36 /* SUKCreateNewEventViewController.m */; };
		53E1CE022881C8D400186E36 /* SUKEvent.m in Sources */ = {isa = PBXBuildFile; fileRef = 53E1CE012881C8D400186E36 /* SUKEvent.m */; };
		F44E3E9609C45EF18E4508DE /* Pods_SukoTests.framework in Frameworks */ = {isa = PBXBuildFile; fileRef = BBA1AE7DBDA1457FC58F3022 /* Pods_SukoTests.framework */; };
/* End PBXBuildFile section */

/* Begin PBXContainerItemProxy section */
		5397F5FF286B676900E9D894 /* PBXContainerItemProxy */ = {
			isa = PBXContainerItemProxy;
			containerPortal = 5397F5DB286B676800E9D894 /* Project object */;
			proxyType = 1;
			remoteGlobalIDString = 5397F5E2286B676800E9D894;
			remoteInfo = Suko;
		};
		5397F609286B676900E9D894 /* PBXContainerItemProxy */ = {
			isa = PBXContainerItemProxy;
			containerPortal = 5397F5DB286B676800E9D894 /* Project object */;
			proxyType = 1;
			remoteGlobalIDString = 5397F5E2286B676800E9D894;
			remoteInfo = Suko;
		};
/* End PBXContainerItemProxy section */

/* Begin PBXFileReference section */
		2C92483A9CFE228320363049 /* Pods_Suko.framework */ = {isa = PBXFileReference; explicitFileType = wrapper.framework; includeInIndex = 0; path = Pods_Suko.framework; sourceTree = BUILT_PRODUCTS_DIR; };
		4A6C4AD7AD13F42728021244 /* Pods-Suko.debug.xcconfig */ = {isa = PBXFileReference; includeInIndex = 1; lastKnownFileType = text.xcconfig; name = "Pods-Suko.debug.xcconfig"; path = "Target Support Files/Pods-Suko/Pods-Suko.debug.xcconfig"; sourceTree = "<group>"; };
		5302D386287F7A280009018D /* SUKUserMapViewController.h */ = {isa = PBXFileReference; lastKnownFileType = sourcecode.c.h; path = SUKUserMapViewController.h; sourceTree = "<group>"; };
		5302D387287F7A280009018D /* SUKUserMapViewController.m */ = {isa = PBXFileReference; lastKnownFileType = sourcecode.c.objc; path = SUKUserMapViewController.m; sourceTree = "<group>"; };
		5302D389287F7AB20009018D /* MapKit.framework */ = {isa = PBXFileReference; lastKnownFileType = wrapper.framework; name = MapKit.framework; path = System/Library/Frameworks/MapKit.framework; sourceTree = SDKROOT; };
		530400FA286D2FA800B63138 /* SUKAPIManager.h */ = {isa = PBXFileReference; lastKnownFileType = sourcecode.c.h; path = SUKAPIManager.h; sourceTree = "<group>"; };
		530400FB286D2FA800B63138 /* SUKAPIManager.m */ = {isa = PBXFileReference; lastKnownFileType = sourcecode.c.objc; path = SUKAPIManager.m; sourceTree = "<group>"; };
		531C3A032874C14B002E80C4 /* SUKHomeViewController.h */ = {isa = PBXFileReference; lastKnownFileType = sourcecode.c.h; path = SUKHomeViewController.h; sourceTree = "<group>"; };
		531C3A042874C14B002E80C4 /* SUKHomeViewController.m */ = {isa = PBXFileReference; lastKnownFileType = sourcecode.c.objc; path = SUKHomeViewController.m; sourceTree = "<group>"; };
		531C3A062874C57A002E80C4 /* SUKHomeTableViewCell.h */ = {isa = PBXFileReference; lastKnownFileType = sourcecode.c.h; path = SUKHomeTableViewCell.h; sourceTree = "<group>"; };
		531C3A072874C57A002E80C4 /* SUKHomeTableViewCell.m */ = {isa = PBXFileReference; lastKnownFileType = sourcecode.c.objc; path = SUKHomeTableViewCell.m; sourceTree = "<group>"; };
		531C3A092874D849002E80C4 /* SUKHomeCollectionViewCell.h */ = {isa = PBXFileReference; lastKnownFileType = sourcecode.c.h; path = SUKHomeCollectionViewCell.h; sourceTree = "<group>"; };
		531C3A0A2874D849002E80C4 /* SUKHomeCollectionViewCell.m */ = {isa = PBXFileReference; lastKnownFileType = sourcecode.c.objc; path = SUKHomeCollectionViewCell.m; sourceTree = "<group>"; };
		53291ED12878C6C900B12469 /* SUKSignUpViewController.h */ = {isa = PBXFileReference; lastKnownFileType = sourcecode.c.h; path = SUKSignUpViewController.h; sourceTree = "<group>"; };
		53291ED22878C6C900B12469 /* SUKSignUpViewController.m */ = {isa = PBXFileReference; lastKnownFileType = sourcecode.c.objc; path = SUKSignUpViewController.m; sourceTree = "<group>"; };
		53291ED42878C6DF00B12469 /* SUKLoginViewController.h */ = {isa = PBXFileReference; lastKnownFileType = sourcecode.c.h; path = SUKLoginViewController.h; sourceTree = "<group>"; };
		53291ED52878C6DF00B12469 /* SUKLoginViewController.m */ = {isa = PBXFileReference; lastKnownFileType = sourcecode.c.objc; path = SUKLoginViewController.m; sourceTree = "<group>"; };
		532AB02F287752DC00114DBA /* SUKAnime.h */ = {isa = PBXFileReference; lastKnownFileType = sourcecode.c.h; path = SUKAnime.h; sourceTree = "<group>"; };
		532AB030287752DC00114DBA /* SUKAnime.m */ = {isa = PBXFileReference; lastKnownFileType = sourcecode.c.objc; path = SUKAnime.m; sourceTree = "<group>"; };
		535AE83E28789530007D6059 /* SUKDetailsViewController.h */ = {isa = PBXFileReference; lastKnownFileType = sourcecode.c.h; path = SUKDetailsViewController.h; sourceTree = "<group>"; };
		535AE83F28789530007D6059 /* SUKDetailsViewController.m */ = {isa = PBXFileReference; lastKnownFileType = sourcecode.c.objc; path = SUKDetailsViewController.m; sourceTree = "<group>"; };
		5397F5E3286B676800E9D894 /* Suko.app */ = {isa = PBXFileReference; explicitFileType = wrapper.application; includeInIndex = 0; path = Suko.app; sourceTree = BUILT_PRODUCTS_DIR; };
		5397F5E6286B676800E9D894 /* AppDelegate.h */ = {isa = PBXFileReference; lastKnownFileType = sourcecode.c.h; path = AppDelegate.h; sourceTree = "<group>"; };
		5397F5E7286B676800E9D894 /* AppDelegate.m */ = {isa = PBXFileReference; lastKnownFileType = sourcecode.c.objc; path = AppDelegate.m; sourceTree = "<group>"; };
		5397F5E9286B676800E9D894 /* SceneDelegate.h */ = {isa = PBXFileReference; lastKnownFileType = sourcecode.c.h; path = SceneDelegate.h; sourceTree = "<group>"; };
		5397F5EA286B676800E9D894 /* SceneDelegate.m */ = {isa = PBXFileReference; lastKnownFileType = sourcecode.c.objc; path = SceneDelegate.m; sourceTree = "<group>"; };
		5397F5F0286B676800E9D894 /* Base */ = {isa = PBXFileReference; lastKnownFileType = file.storyboard; name = Base; path = Base.lproj/Main.storyboard; sourceTree = "<group>"; };
		5397F5F2286B676900E9D894 /* Assets.xcassets */ = {isa = PBXFileReference; lastKnownFileType = folder.assetcatalog; path = Assets.xcassets; sourceTree = "<group>"; };
		5397F5F5286B676900E9D894 /* Base */ = {isa = PBXFileReference; lastKnownFileType = file.storyboard; name = Base; path = Base.lproj/LaunchScreen.storyboard; sourceTree = "<group>"; };
		5397F5F7286B676900E9D894 /* Info.plist */ = {isa = PBXFileReference; lastKnownFileType = text.plist.xml; path = Info.plist; sourceTree = "<group>"; };
		5397F5F8286B676900E9D894 /* main.m */ = {isa = PBXFileReference; lastKnownFileType = sourcecode.c.objc; path = main.m; sourceTree = "<group>"; };
		5397F5FE286B676900E9D894 /* SukoTests.xctest */ = {isa = PBXFileReference; explicitFileType = wrapper.cfbundle; includeInIndex = 0; path = SukoTests.xctest; sourceTree = BUILT_PRODUCTS_DIR; };
		5397F608286B676900E9D894 /* SukoUITests.xctest */ = {isa = PBXFileReference; explicitFileType = wrapper.cfbundle; includeInIndex = 0; path = SukoUITests.xctest; sourceTree = BUILT_PRODUCTS_DIR; };
		53A9751E287DF9B400D163BF /* SUKProfileViewController.h */ = {isa = PBXFileReference; lastKnownFileType = sourcecode.c.h; path = SUKProfileViewController.h; sourceTree = "<group>"; };
		53A9751F287DF9B400D163BF /* SUKProfileViewController.m */ = {isa = PBXFileReference; lastKnownFileType = sourcecode.c.objc; path = SUKProfileViewController.m; sourceTree = "<group>"; };
		53A97521287DFCF900D163BF /* SUKEditProfileViewController.h */ = {isa = PBXFileReference; lastKnownFileType = sourcecode.c.h; path = SUKEditProfileViewController.h; sourceTree = "<group>"; };
		53A97522287DFCF900D163BF /* SUKEditProfileViewController.m */ = {isa = PBXFileReference; lastKnownFileType = sourcecode.c.objc; path = SUKEditProfileViewController.m; sourceTree = "<group>"; };
		53ABF518288717F00015F1DB /* SUKChooseEventLocationViewController.h */ = {isa = PBXFileReference; lastKnownFileType = sourcecode.c.h; path = SUKChooseEventLocationViewController.h; sourceTree = "<group>"; };
		53ABF519288717F00015F1DB /* SUKChooseEventLocationViewController.m */ = {isa = PBXFileReference; lastKnownFileType = sourcecode.c.objc; path = SUKChooseEventLocationViewController.m; sourceTree = "<group>"; };
		53B3301E28779B070013F404 /* SUKAnimeListViewController.h */ = {isa = PBXFileReference; lastKnownFileType = sourcecode.c.h; path = SUKAnimeListViewController.h; sourceTree = "<group>"; };
		53B3301F28779B070013F404 /* SUKAnimeListViewController.m */ = {isa = PBXFileReference; lastKnownFileType = sourcecode.c.objc; path = SUKAnimeListViewController.m; sourceTree = "<group>"; };
		53B330242877A31E0013F404 /* SUKAnimeListTableViewCell.h */ = {isa = PBXFileReference; lastKnownFileType = sourcecode.c.h; path = SUKAnimeListTableViewCell.h; sourceTree = "<group>"; };
		53B330252877A31E0013F404 /* SUKAnimeListTableViewCell.m */ = {isa = PBXFileReference; lastKnownFileType = sourcecode.c.objc; path = SUKAnimeListTableViewCell.m; sourceTree = "<group>"; };
		53C81C892885D46500092A46 /* SUKFollow.h */ = {isa = PBXFileReference; lastKnownFileType = sourcecode.c.h; path = SUKFollow.h; sourceTree = "<group>"; };
		53C81C8A2885D46500092A46 /* SUKFollow.m */ = {isa = PBXFileReference; lastKnownFileType = sourcecode.c.objc; path = SUKFollow.m; sourceTree = "<group>"; };
		53CCA6E828808E5900B217F5 /* SUKNotCurrentUserProfileViewController.h */ = {isa = PBXFileReference; lastKnownFileType = sourcecode.c.h; path = SUKNotCurrentUserProfileViewController.h; sourceTree = "<group>"; };
		53CCA6E928808E5900B217F5 /* SUKNotCurrentUserProfileViewController.m */ = {isa = PBXFileReference; lastKnownFileType = sourcecode.c.objc; path = SUKNotCurrentUserProfileViewController.m; sourceTree = "<group>"; };
		53E0D78D2878F72F00CFCF91 /* SUKLibraryViewController.h */ = {isa = PBXFileReference; lastKnownFileType = sourcecode.c.h; path = SUKLibraryViewController.h; sourceTree = "<group>"; };
		53E0D78E2878F72F00CFCF91 /* SUKLibraryViewController.m */ = {isa = PBXFileReference; lastKnownFileType = sourcecode.c.objc; path = SUKLibraryViewController.m; sourceTree = "<group>"; };
		53E0D7902878FAD900CFCF91 /* SUKLibraryTableViewCell.h */ = {isa = PBXFileReference; lastKnownFileType = sourcecode.c.h; path = SUKLibraryTableViewCell.h; sourceTree = "<group>"; };
		53E0D7912878FAD900CFCF91 /* SUKLibraryTableViewCell.m */ = {isa = PBXFileReference; lastKnownFileType = sourcecode.c.objc; path = SUKLibraryTableViewCell.m; sourceTree = "<group>"; };
		53E1CDFD2881C80B00186E36 /* SUKCreateNewEventViewController.h */ = {isa = PBXFileReference; lastKnownFileType = sourcecode.c.h; path = SUKCreateNewEventViewController.h; sourceTree = "<group>"; };
		53E1CDFE2881C80B00186E36 /* SUKCreateNewEventViewController.m */ = {isa = PBXFileReference; lastKnownFileType = sourcecode.c.objc; path = SUKCreateNewEventViewController.m; sourceTree = "<group>"; };
		53E1CE002881C8D400186E36 /* SUKEvent.h */ = {isa = PBXFileReference; lastKnownFileType = sourcecode.c.h; path = SUKEvent.h; sourceTree = "<group>"; };
		53E1CE012881C8D400186E36 /* SUKEvent.m */ = {isa = PBXFileReference; lastKnownFileType = sourcecode.c.objc; path = SUKEvent.m; sourceTree = "<group>"; };
		85AA59F7210F419DD51460CD /* Pods-Suko-SukoUITests.debug.xcconfig */ = {isa = PBXFileReference; includeInIndex = 1; lastKnownFileType = text.xcconfig; name = "Pods-Suko-SukoUITests.debug.xcconfig"; path = "Target Support Files/Pods-Suko-SukoUITests/Pods-Suko-SukoUITests.debug.xcconfig"; sourceTree = "<group>"; };
		8D458C8ACA751B018C32B1CC /* Pods_Suko_SukoUITests.framework */ = {isa = PBXFileReference; explicitFileType = wrapper.framework; includeInIndex = 0; path = Pods_Suko_SukoUITests.framework; sourceTree = BUILT_PRODUCTS_DIR; };
		B661CD64106E019F4756CBA6 /* Pods-SukoTests.debug.xcconfig */ = {isa = PBXFileReference; includeInIndex = 1; lastKnownFileType = text.xcconfig; name = "Pods-SukoTests.debug.xcconfig"; path = "Target Support Files/Pods-SukoTests/Pods-SukoTests.debug.xcconfig"; sourceTree = "<group>"; };
		BBA1AE7DBDA1457FC58F3022 /* Pods_SukoTests.framework */ = {isa = PBXFileReference; explicitFileType = wrapper.framework; includeInIndex = 0; path = Pods_SukoTests.framework; sourceTree = BUILT_PRODUCTS_DIR; };
		D0F5DD2926412499C9DD7A8C /* Pods-Suko.release.xcconfig */ = {isa = PBXFileReference; includeInIndex = 1; lastKnownFileType = text.xcconfig; name = "Pods-Suko.release.xcconfig"; path = "Target Support Files/Pods-Suko/Pods-Suko.release.xcconfig"; sourceTree = "<group>"; };
		E775DE9441CA0D7440095B2C /* Pods-SukoTests.release.xcconfig */ = {isa = PBXFileReference; includeInIndex = 1; lastKnownFileType = text.xcconfig; name = "Pods-SukoTests.release.xcconfig"; path = "Target Support Files/Pods-SukoTests/Pods-SukoTests.release.xcconfig"; sourceTree = "<group>"; };
		ED9042470AE56E75211DC361 /* Pods-Suko-SukoUITests.release.xcconfig */ = {isa = PBXFileReference; includeInIndex = 1; lastKnownFileType = text.xcconfig; name = "Pods-Suko-SukoUITests.release.xcconfig"; path = "Target Support Files/Pods-Suko-SukoUITests/Pods-Suko-SukoUITests.release.xcconfig"; sourceTree = "<group>"; };
/* End PBXFileReference section */

/* Begin PBXFrameworksBuildPhase section */
		5397F5E0286B676800E9D894 /* Frameworks */ = {
			isa = PBXFrameworksBuildPhase;
			buildActionMask = 2147483647;
			files = (
				5302D38A287F7AB20009018D /* MapKit.framework in Frameworks */,
				454265194B292261FEA79B26 /* Pods_Suko.framework in Frameworks */,
			);
			runOnlyForDeploymentPostprocessing = 0;
		};
		5397F5FB286B676900E9D894 /* Frameworks */ = {
			isa = PBXFrameworksBuildPhase;
			buildActionMask = 2147483647;
			files = (
				F44E3E9609C45EF18E4508DE /* Pods_SukoTests.framework in Frameworks */,
			);
			runOnlyForDeploymentPostprocessing = 0;
		};
		5397F605286B676900E9D894 /* Frameworks */ = {
			isa = PBXFrameworksBuildPhase;
			buildActionMask = 2147483647;
			files = (
				04BE850B21E0A267B73ED193 /* Pods_Suko_SukoUITests.framework in Frameworks */,
			);
			runOnlyForDeploymentPostprocessing = 0;
		};
/* End PBXFrameworksBuildPhase section */

/* Begin PBXGroup section */
		531C39F62874A0BB002E80C4 /* Cells */ = {
			isa = PBXGroup;
			children = (
				531C3A062874C57A002E80C4 /* SUKHomeTableViewCell.h */,
				531C3A072874C57A002E80C4 /* SUKHomeTableViewCell.m */,
				531C3A092874D849002E80C4 /* SUKHomeCollectionViewCell.h */,
				531C3A0A2874D849002E80C4 /* SUKHomeCollectionViewCell.m */,
				53B330242877A31E0013F404 /* SUKAnimeListTableViewCell.h */,
				53B330252877A31E0013F404 /* SUKAnimeListTableViewCell.m */,
				53E0D7902878FAD900CFCF91 /* SUKLibraryTableViewCell.h */,
				53E0D7912878FAD900CFCF91 /* SUKLibraryTableViewCell.m */,
			);
			path = Cells;
			sourceTree = "<group>";
		};
		532AB02E28764F0500114DBA /* Model */ = {
			isa = PBXGroup;
			children = (
				532AB02F287752DC00114DBA /* SUKAnime.h */,
				532AB030287752DC00114DBA /* SUKAnime.m */,
				53E1CE002881C8D400186E36 /* SUKEvent.h */,
				53E1CE012881C8D400186E36 /* SUKEvent.m */,
				53C81C892885D46500092A46 /* SUKFollow.h */,
				53C81C8A2885D46500092A46 /* SUKFollow.m */,
			);
			path = Model;
			sourceTree = "<group>";
		};
		5336424E286BD9CF00F3D270 /* View Controller */ = {
			isa = PBXGroup;
			children = (
				531C3A032874C14B002E80C4 /* SUKHomeViewController.h */,
				531C3A042874C14B002E80C4 /* SUKHomeViewController.m */,
				53B3301E28779B070013F404 /* SUKAnimeListViewController.h */,
				53B3301F28779B070013F404 /* SUKAnimeListViewController.m */,
				535AE83E28789530007D6059 /* SUKDetailsViewController.h */,
				535AE83F28789530007D6059 /* SUKDetailsViewController.m */,
				53291ED12878C6C900B12469 /* SUKSignUpViewController.h */,
				53291ED22878C6C900B12469 /* SUKSignUpViewController.m */,
				53291ED42878C6DF00B12469 /* SUKLoginViewController.h */,
				53291ED52878C6DF00B12469 /* SUKLoginViewController.m */,
				53E0D78D2878F72F00CFCF91 /* SUKLibraryViewController.h */,
				53E0D78E2878F72F00CFCF91 /* SUKLibraryViewController.m */,
				53A9751E287DF9B400D163BF /* SUKProfileViewController.h */,
				53A9751F287DF9B400D163BF /* SUKProfileViewController.m */,
				53A97521287DFCF900D163BF /* SUKEditProfileViewController.h */,
				53A97522287DFCF900D163BF /* SUKEditProfileViewController.m */,
				5302D386287F7A280009018D /* SUKUserMapViewController.h */,
				5302D387287F7A280009018D /* SUKUserMapViewController.m */,
				53CCA6E828808E5900B217F5 /* SUKNotCurrentUserProfileViewController.h */,
				53CCA6E928808E5900B217F5 /* SUKNotCurrentUserProfileViewController.m */,
				53E1CDFD2881C80B00186E36 /* SUKCreateNewEventViewController.h */,
				53E1CDFE2881C80B00186E36 /* SUKCreateNewEventViewController.m */,
				53ABF518288717F00015F1DB /* SUKChooseEventLocationViewController.h */,
				53ABF519288717F00015F1DB /* SUKChooseEventLocationViewController.m */,
			);
			path = "View Controller";
			sourceTree = "<group>";
		};
		5397F5DA286B676800E9D894 = {
			isa = PBXGroup;
			children = (
				5397F5E5286B676800E9D894 /* Suko */,
				5397F5E4286B676800E9D894 /* Products */,
				53CAF86E0161FDDE4AC07BD5 /* Pods */,
				6965F46BD519FBC257AD662C /* Frameworks */,
			);
			sourceTree = "<group>";
		};
		5397F5E4286B676800E9D894 /* Products */ = {
			isa = PBXGroup;
			children = (
				5397F5E3286B676800E9D894 /* Suko.app */,
				5397F5FE286B676900E9D894 /* SukoTests.xctest */,
				5397F608286B676900E9D894 /* SukoUITests.xctest */,
			);
			name = Products;
			sourceTree = "<group>";
		};
		5397F5E5286B676800E9D894 /* Suko */ = {
			isa = PBXGroup;
			children = (
				532AB02E28764F0500114DBA /* Model */,
				531C39F62874A0BB002E80C4 /* Cells */,
				5336424E286BD9CF00F3D270 /* View Controller */,
				5397F61B286B67D100E9D894 /* API */,
				5397F5E6286B676800E9D894 /* AppDelegate.h */,
				5397F5E7286B676800E9D894 /* AppDelegate.m */,
				5397F5E9286B676800E9D894 /* SceneDelegate.h */,
				5397F5EA286B676800E9D894 /* SceneDelegate.m */,
				5397F5EF286B676800E9D894 /* Main.storyboard */,
				5397F5F2286B676900E9D894 /* Assets.xcassets */,
				5397F5F4286B676900E9D894 /* LaunchScreen.storyboard */,
				5397F5F7286B676900E9D894 /* Info.plist */,
				5397F5F8286B676900E9D894 /* main.m */,
			);
			path = Suko;
			sourceTree = "<group>";
		};
		5397F61B286B67D100E9D894 /* API */ = {
			isa = PBXGroup;
			children = (
				530400FA286D2FA800B63138 /* SUKAPIManager.h */,
				530400FB286D2FA800B63138 /* SUKAPIManager.m */,
			);
			path = API;
			sourceTree = "<group>";
		};
		53CAF86E0161FDDE4AC07BD5 /* Pods */ = {
			isa = PBXGroup;
			children = (
				4A6C4AD7AD13F42728021244 /* Pods-Suko.debug.xcconfig */,
				D0F5DD2926412499C9DD7A8C /* Pods-Suko.release.xcconfig */,
				85AA59F7210F419DD51460CD /* Pods-Suko-SukoUITests.debug.xcconfig */,
				ED9042470AE56E75211DC361 /* Pods-Suko-SukoUITests.release.xcconfig */,
				B661CD64106E019F4756CBA6 /* Pods-SukoTests.debug.xcconfig */,
				E775DE9441CA0D7440095B2C /* Pods-SukoTests.release.xcconfig */,
			);
			path = Pods;
			sourceTree = "<group>";
		};
		6965F46BD519FBC257AD662C /* Frameworks */ = {
			isa = PBXGroup;
			children = (
				5302D389287F7AB20009018D /* MapKit.framework */,
				2C92483A9CFE228320363049 /* Pods_Suko.framework */,
				8D458C8ACA751B018C32B1CC /* Pods_Suko_SukoUITests.framework */,
				BBA1AE7DBDA1457FC58F3022 /* Pods_SukoTests.framework */,
			);
			name = Frameworks;
			sourceTree = "<group>";
		};
/* End PBXGroup section */

/* Begin PBXNativeTarget section */
		5397F5E2286B676800E9D894 /* Suko */ = {
			isa = PBXNativeTarget;
			buildConfigurationList = 5397F612286B676900E9D894 /* Build configuration list for PBXNativeTarget "Suko" */;
			buildPhases = (
				14798220529C1B7BDD27A419 /* [CP] Check Pods Manifest.lock */,
				5397F5DF286B676800E9D894 /* Sources */,
				5397F5E0286B676800E9D894 /* Frameworks */,
				5397F5E1286B676800E9D894 /* Resources */,
				CC5F7CEC34C5D268D898D2CB /* [CP] Embed Pods Frameworks */,
			);
			buildRules = (
			);
			dependencies = (
			);
			name = Suko;
			productName = Suko;
			productReference = 5397F5E3286B676800E9D894 /* Suko.app */;
			productType = "com.apple.product-type.application";
		};
		5397F5FD286B676900E9D894 /* SukoTests */ = {
			isa = PBXNativeTarget;
			buildConfigurationList = 5397F615286B676900E9D894 /* Build configuration list for PBXNativeTarget "SukoTests" */;
			buildPhases = (
				815132C9CE0F062FC11F3730 /* [CP] Check Pods Manifest.lock */,
				5397F5FA286B676900E9D894 /* Sources */,
				5397F5FB286B676900E9D894 /* Frameworks */,
				5397F5FC286B676900E9D894 /* Resources */,
			);
			buildRules = (
			);
			dependencies = (
				5397F600286B676900E9D894 /* PBXTargetDependency */,
			);
			name = SukoTests;
			productName = SukoTests;
			productReference = 5397F5FE286B676900E9D894 /* SukoTests.xctest */;
			productType = "com.apple.product-type.bundle.unit-test";
		};
		5397F607286B676900E9D894 /* SukoUITests */ = {
			isa = PBXNativeTarget;
			buildConfigurationList = 5397F618286B676900E9D894 /* Build configuration list for PBXNativeTarget "SukoUITests" */;
			buildPhases = (
				9A11F9D5A516E0E7B1E5E369 /* [CP] Check Pods Manifest.lock */,
				5397F604286B676900E9D894 /* Sources */,
				5397F605286B676900E9D894 /* Frameworks */,
				5397F606286B676900E9D894 /* Resources */,
				84D5107C97109F4AEE65BA29 /* [CP] Embed Pods Frameworks */,
			);
			buildRules = (
			);
			dependencies = (
				5397F60A286B676900E9D894 /* PBXTargetDependency */,
			);
			name = SukoUITests;
			productName = SukoUITests;
			productReference = 5397F608286B676900E9D894 /* SukoUITests.xctest */;
			productType = "com.apple.product-type.bundle.ui-testing";
		};
/* End PBXNativeTarget section */

/* Begin PBXProject section */
		5397F5DB286B676800E9D894 /* Project object */ = {
			isa = PBXProject;
			attributes = {
				BuildIndependentTargetsInParallel = 1;
				LastUpgradeCheck = 1340;
				TargetAttributes = {
					5397F5E2286B676800E9D894 = {
						CreatedOnToolsVersion = 13.4;
					};
					5397F5FD286B676900E9D894 = {
						CreatedOnToolsVersion = 13.4;
						TestTargetID = 5397F5E2286B676800E9D894;
					};
					5397F607286B676900E9D894 = {
						CreatedOnToolsVersion = 13.4;
						TestTargetID = 5397F5E2286B676800E9D894;
					};
				};
			};
			buildConfigurationList = 5397F5DE286B676800E9D894 /* Build configuration list for PBXProject "Suko" */;
			compatibilityVersion = "Xcode 13.0";
			developmentRegion = en;
			hasScannedForEncodings = 0;
			knownRegions = (
				en,
				Base,
			);
			mainGroup = 5397F5DA286B676800E9D894;
			productRefGroup = 5397F5E4286B676800E9D894 /* Products */;
			projectDirPath = "";
			projectRoot = "";
			targets = (
				5397F5E2286B676800E9D894 /* Suko */,
				5397F5FD286B676900E9D894 /* SukoTests */,
				5397F607286B676900E9D894 /* SukoUITests */,
			);
		};
/* End PBXProject section */

/* Begin PBXResourcesBuildPhase section */
		5397F5E1286B676800E9D894 /* Resources */ = {
			isa = PBXResourcesBuildPhase;
			buildActionMask = 2147483647;
			files = (
				5397F5F6286B676900E9D894 /* LaunchScreen.storyboard in Resources */,
				5397F5F3286B676900E9D894 /* Assets.xcassets in Resources */,
				5397F5F1286B676800E9D894 /* Main.storyboard in Resources */,
			);
			runOnlyForDeploymentPostprocessing = 0;
		};
		5397F5FC286B676900E9D894 /* Resources */ = {
			isa = PBXResourcesBuildPhase;
			buildActionMask = 2147483647;
			files = (
			);
			runOnlyForDeploymentPostprocessing = 0;
		};
		5397F606286B676900E9D894 /* Resources */ = {
			isa = PBXResourcesBuildPhase;
			buildActionMask = 2147483647;
			files = (
			);
			runOnlyForDeploymentPostprocessing = 0;
		};
/* End PBXResourcesBuildPhase section */

/* Begin PBXShellScriptBuildPhase section */
		14798220529C1B7BDD27A419 /* [CP] Check Pods Manifest.lock */ = {
			isa = PBXShellScriptBuildPhase;
			buildActionMask = 2147483647;
			files = (
			);
			inputFileListPaths = (
			);
			inputPaths = (
				"${PODS_PODFILE_DIR_PATH}/Podfile.lock",
				"${PODS_ROOT}/Manifest.lock",
			);
			name = "[CP] Check Pods Manifest.lock";
			outputFileListPaths = (
			);
			outputPaths = (
				"$(DERIVED_FILE_DIR)/Pods-Suko-checkManifestLockResult.txt",
			);
			runOnlyForDeploymentPostprocessing = 0;
			shellPath = /bin/sh;
			shellScript = "diff \"${PODS_PODFILE_DIR_PATH}/Podfile.lock\" \"${PODS_ROOT}/Manifest.lock\" > /dev/null\nif [ $? != 0 ] ; then\n    # print error to STDERR\n    echo \"error: The sandbox is not in sync with the Podfile.lock. Run 'pod install' or update your CocoaPods installation.\" >&2\n    exit 1\nfi\n# This output is used by Xcode 'outputs' to avoid re-running this script phase.\necho \"SUCCESS\" > \"${SCRIPT_OUTPUT_FILE_0}\"\n";
			showEnvVarsInLog = 0;
		};
		815132C9CE0F062FC11F3730 /* [CP] Check Pods Manifest.lock */ = {
			isa = PBXShellScriptBuildPhase;
			buildActionMask = 2147483647;
			files = (
			);
			inputFileListPaths = (
			);
			inputPaths = (
				"${PODS_PODFILE_DIR_PATH}/Podfile.lock",
				"${PODS_ROOT}/Manifest.lock",
			);
			name = "[CP] Check Pods Manifest.lock";
			outputFileListPaths = (
			);
			outputPaths = (
				"$(DERIVED_FILE_DIR)/Pods-SukoTests-checkManifestLockResult.txt",
			);
			runOnlyForDeploymentPostprocessing = 0;
			shellPath = /bin/sh;
			shellScript = "diff \"${PODS_PODFILE_DIR_PATH}/Podfile.lock\" \"${PODS_ROOT}/Manifest.lock\" > /dev/null\nif [ $? != 0 ] ; then\n    # print error to STDERR\n    echo \"error: The sandbox is not in sync with the Podfile.lock. Run 'pod install' or update your CocoaPods installation.\" >&2\n    exit 1\nfi\n# This output is used by Xcode 'outputs' to avoid re-running this script phase.\necho \"SUCCESS\" > \"${SCRIPT_OUTPUT_FILE_0}\"\n";
			showEnvVarsInLog = 0;
		};
		84D5107C97109F4AEE65BA29 /* [CP] Embed Pods Frameworks */ = {
			isa = PBXShellScriptBuildPhase;
			buildActionMask = 2147483647;
			files = (
			);
			inputFileListPaths = (
				"${PODS_ROOT}/Target Support Files/Pods-Suko-SukoUITests/Pods-Suko-SukoUITests-frameworks-${CONFIGURATION}-input-files.xcfilelist",
			);
			name = "[CP] Embed Pods Frameworks";
			outputFileListPaths = (
				"${PODS_ROOT}/Target Support Files/Pods-Suko-SukoUITests/Pods-Suko-SukoUITests-frameworks-${CONFIGURATION}-output-files.xcfilelist",
			);
			runOnlyForDeploymentPostprocessing = 0;
			shellPath = /bin/sh;
			shellScript = "\"${PODS_ROOT}/Target Support Files/Pods-Suko-SukoUITests/Pods-Suko-SukoUITests-frameworks.sh\"\n";
			showEnvVarsInLog = 0;
		};
		9A11F9D5A516E0E7B1E5E369 /* [CP] Check Pods Manifest.lock */ = {
			isa = PBXShellScriptBuildPhase;
			buildActionMask = 2147483647;
			files = (
			);
			inputFileListPaths = (
			);
			inputPaths = (
				"${PODS_PODFILE_DIR_PATH}/Podfile.lock",
				"${PODS_ROOT}/Manifest.lock",
			);
			name = "[CP] Check Pods Manifest.lock";
			outputFileListPaths = (
			);
			outputPaths = (
				"$(DERIVED_FILE_DIR)/Pods-Suko-SukoUITests-checkManifestLockResult.txt",
			);
			runOnlyForDeploymentPostprocessing = 0;
			shellPath = /bin/sh;
			shellScript = "diff \"${PODS_PODFILE_DIR_PATH}/Podfile.lock\" \"${PODS_ROOT}/Manifest.lock\" > /dev/null\nif [ $? != 0 ] ; then\n    # print error to STDERR\n    echo \"error: The sandbox is not in sync with the Podfile.lock. Run 'pod install' or update your CocoaPods installation.\" >&2\n    exit 1\nfi\n# This output is used by Xcode 'outputs' to avoid re-running this script phase.\necho \"SUCCESS\" > \"${SCRIPT_OUTPUT_FILE_0}\"\n";
			showEnvVarsInLog = 0;
		};
		CC5F7CEC34C5D268D898D2CB /* [CP] Embed Pods Frameworks */ = {
			isa = PBXShellScriptBuildPhase;
			buildActionMask = 2147483647;
			files = (
			);
			inputFileListPaths = (
				"${PODS_ROOT}/Target Support Files/Pods-Suko/Pods-Suko-frameworks-${CONFIGURATION}-input-files.xcfilelist",
			);
			name = "[CP] Embed Pods Frameworks";
			outputFileListPaths = (
				"${PODS_ROOT}/Target Support Files/Pods-Suko/Pods-Suko-frameworks-${CONFIGURATION}-output-files.xcfilelist",
			);
			runOnlyForDeploymentPostprocessing = 0;
			shellPath = /bin/sh;
			shellScript = "\"${PODS_ROOT}/Target Support Files/Pods-Suko/Pods-Suko-frameworks.sh\"\n";
			showEnvVarsInLog = 0;
		};
/* End PBXShellScriptBuildPhase section */

/* Begin PBXSourcesBuildPhase section */
		5397F5DF286B676800E9D894 /* Sources */ = {
			isa = PBXSourcesBuildPhase;
			buildActionMask = 2147483647;
			files = (
				53A97523287DFCF900D163BF /* SUKEditProfileViewController.m in Sources */,
				53CCA6EA28808E5900B217F5 /* SUKNotCurrentUserProfileViewController.m in Sources */,
				53291ED32878C6C900B12469 /* SUKSignUpViewController.m in Sources */,
				535AE84028789530007D6059 /* SUKDetailsViewController.m in Sources */,
				5397F5E8286B676800E9D894 /* AppDelegate.m in Sources */,
				53B3302028779B070013F404 /* SUKAnimeListViewController.m in Sources */,
				53E0D78F2878F72F00CFCF91 /* SUKLibraryViewController.m in Sources */,
				53ABF51A288717F00015F1DB /* SUKChooseEventLocationViewController.m in Sources */,
				531C3A0B2874D849002E80C4 /* SUKHomeCollectionViewCell.m in Sources */,
				53E1CDFF2881C80B00186E36 /* SUKCreateNewEventViewController.m in Sources */,
				531C3A052874C14B002E80C4 /* SUKHomeViewController.m in Sources */,
				531C3A082874C57A002E80C4 /* SUKHomeTableViewCell.m in Sources */,
				532AB031287752DC00114DBA /* SUKAnime.m in Sources */,
				5397F5F9286B676900E9D894 /* main.m in Sources */,
				530400FC286D2FA800B63138 /* SUKAPIManager.m in Sources */,
				53B330262877A31E0013F404 /* SUKAnimeListTableViewCell.m in Sources */,
				53A97520287DF9B400D163BF /* SUKProfileViewController.m in Sources */,
				53E0D7922878FAD900CFCF91 /* SUKLibraryTableViewCell.m in Sources */,
				53E1CE022881C8D400186E36 /* SUKEvent.m in Sources */,
				5302D388287F7A280009018D /* SUKUserMapViewController.m in Sources */,
				5397F5EB286B676800E9D894 /* SceneDelegate.m in Sources */,
				53C81C8B2885D46500092A46 /* SUKFollow.m in Sources */,
				53291ED62878C6DF00B12469 /* SUKLoginViewController.m in Sources */,
			);
			runOnlyForDeploymentPostprocessing = 0;
		};
		5397F5FA286B676900E9D894 /* Sources */ = {
			isa = PBXSourcesBuildPhase;
			buildActionMask = 2147483647;
			files = (
			);
			runOnlyForDeploymentPostprocessing = 0;
		};
		5397F604286B676900E9D894 /* Sources */ = {
			isa = PBXSourcesBuildPhase;
			buildActionMask = 2147483647;
			files = (
			);
			runOnlyForDeploymentPostprocessing = 0;
		};
/* End PBXSourcesBuildPhase section */

/* Begin PBXTargetDependency section */
		5397F600286B676900E9D894 /* PBXTargetDependency */ = {
			isa = PBXTargetDependency;
			target = 5397F5E2286B676800E9D894 /* Suko */;
			targetProxy = 5397F5FF286B676900E9D894 /* PBXContainerItemProxy */;
		};
		5397F60A286B676900E9D894 /* PBXTargetDependency */ = {
			isa = PBXTargetDependency;
			target = 5397F5E2286B676800E9D894 /* Suko */;
			targetProxy = 5397F609286B676900E9D894 /* PBXContainerItemProxy */;
		};
/* End PBXTargetDependency section */

/* Begin PBXVariantGroup section */
		5397F5EF286B676800E9D894 /* Main.storyboard */ = {
			isa = PBXVariantGroup;
			children = (
				5397F5F0286B676800E9D894 /* Base */,
			);
			name = Main.storyboard;
			sourceTree = "<group>";
		};
		5397F5F4286B676900E9D894 /* LaunchScreen.storyboard */ = {
			isa = PBXVariantGroup;
			children = (
				5397F5F5286B676900E9D894 /* Base */,
			);
			name = LaunchScreen.storyboard;
			sourceTree = "<group>";
		};
/* End PBXVariantGroup section */

/* Begin XCBuildConfiguration section */
		5397F610286B676900E9D894 /* Debug */ = {
			isa = XCBuildConfiguration;
			buildSettings = {
				ALWAYS_SEARCH_USER_PATHS = NO;
				CLANG_ANALYZER_NONNULL = YES;
				CLANG_ANALYZER_NUMBER_OBJECT_CONVERSION = YES_AGGRESSIVE;
				CLANG_CXX_LANGUAGE_STANDARD = "gnu++17";
				CLANG_ENABLE_MODULES = YES;
				CLANG_ENABLE_OBJC_ARC = YES;
				CLANG_ENABLE_OBJC_WEAK = YES;
				CLANG_WARN_BLOCK_CAPTURE_AUTORELEASING = YES;
				CLANG_WARN_BOOL_CONVERSION = YES;
				CLANG_WARN_COMMA = YES;
				CLANG_WARN_CONSTANT_CONVERSION = YES;
				CLANG_WARN_DEPRECATED_OBJC_IMPLEMENTATIONS = YES;
				CLANG_WARN_DIRECT_OBJC_ISA_USAGE = YES_ERROR;
				CLANG_WARN_DOCUMENTATION_COMMENTS = YES;
				CLANG_WARN_EMPTY_BODY = YES;
				CLANG_WARN_ENUM_CONVERSION = YES;
				CLANG_WARN_INFINITE_RECURSION = YES;
				CLANG_WARN_INT_CONVERSION = YES;
				CLANG_WARN_NON_LITERAL_NULL_CONVERSION = YES;
				CLANG_WARN_OBJC_IMPLICIT_RETAIN_SELF = YES;
				CLANG_WARN_OBJC_LITERAL_CONVERSION = YES;
				CLANG_WARN_OBJC_ROOT_CLASS = YES_ERROR;
				CLANG_WARN_QUOTED_INCLUDE_IN_FRAMEWORK_HEADER = YES;
				CLANG_WARN_RANGE_LOOP_ANALYSIS = YES;
				CLANG_WARN_STRICT_PROTOTYPES = YES;
				CLANG_WARN_SUSPICIOUS_MOVE = YES;
				CLANG_WARN_UNGUARDED_AVAILABILITY = YES_AGGRESSIVE;
				CLANG_WARN_UNREACHABLE_CODE = YES;
				CLANG_WARN__DUPLICATE_METHOD_MATCH = YES;
				COPY_PHASE_STRIP = NO;
				DEBUG_INFORMATION_FORMAT = dwarf;
				ENABLE_STRICT_OBJC_MSGSEND = YES;
				ENABLE_TESTABILITY = YES;
				GCC_C_LANGUAGE_STANDARD = gnu11;
				GCC_DYNAMIC_NO_PIC = NO;
				GCC_NO_COMMON_BLOCKS = YES;
				GCC_OPTIMIZATION_LEVEL = 0;
				GCC_PREPROCESSOR_DEFINITIONS = (
					"DEBUG=1",
					"$(inherited)",
				);
				GCC_WARN_64_TO_32_BIT_CONVERSION = YES;
				GCC_WARN_ABOUT_RETURN_TYPE = YES_ERROR;
				GCC_WARN_UNDECLARED_SELECTOR = YES;
				GCC_WARN_UNINITIALIZED_AUTOS = YES_AGGRESSIVE;
				GCC_WARN_UNUSED_FUNCTION = YES;
				GCC_WARN_UNUSED_VARIABLE = YES;
				IPHONEOS_DEPLOYMENT_TARGET = 15.5;
				MTL_ENABLE_DEBUG_INFO = INCLUDE_SOURCE;
				MTL_FAST_MATH = YES;
				ONLY_ACTIVE_ARCH = YES;
				SDKROOT = iphoneos;
			};
			name = Debug;
		};
		5397F611286B676900E9D894 /* Release */ = {
			isa = XCBuildConfiguration;
			buildSettings = {
				ALWAYS_SEARCH_USER_PATHS = NO;
				CLANG_ANALYZER_NONNULL = YES;
				CLANG_ANALYZER_NUMBER_OBJECT_CONVERSION = YES_AGGRESSIVE;
				CLANG_CXX_LANGUAGE_STANDARD = "gnu++17";
				CLANG_ENABLE_MODULES = YES;
				CLANG_ENABLE_OBJC_ARC = YES;
				CLANG_ENABLE_OBJC_WEAK = YES;
				CLANG_WARN_BLOCK_CAPTURE_AUTORELEASING = YES;
				CLANG_WARN_BOOL_CONVERSION = YES;
				CLANG_WARN_COMMA = YES;
				CLANG_WARN_CONSTANT_CONVERSION = YES;
				CLANG_WARN_DEPRECATED_OBJC_IMPLEMENTATIONS = YES;
				CLANG_WARN_DIRECT_OBJC_ISA_USAGE = YES_ERROR;
				CLANG_WARN_DOCUMENTATION_COMMENTS = YES;
				CLANG_WARN_EMPTY_BODY = YES;
				CLANG_WARN_ENUM_CONVERSION = YES;
				CLANG_WARN_INFINITE_RECURSION = YES;
				CLANG_WARN_INT_CONVERSION = YES;
				CLANG_WARN_NON_LITERAL_NULL_CONVERSION = YES;
				CLANG_WARN_OBJC_IMPLICIT_RETAIN_SELF = YES;
				CLANG_WARN_OBJC_LITERAL_CONVERSION = YES;
				CLANG_WARN_OBJC_ROOT_CLASS = YES_ERROR;
				CLANG_WARN_QUOTED_INCLUDE_IN_FRAMEWORK_HEADER = YES;
				CLANG_WARN_RANGE_LOOP_ANALYSIS = YES;
				CLANG_WARN_STRICT_PROTOTYPES = YES;
				CLANG_WARN_SUSPICIOUS_MOVE = YES;
				CLANG_WARN_UNGUARDED_AVAILABILITY = YES_AGGRESSIVE;
				CLANG_WARN_UNREACHABLE_CODE = YES;
				CLANG_WARN__DUPLICATE_METHOD_MATCH = YES;
				COPY_PHASE_STRIP = NO;
				DEBUG_INFORMATION_FORMAT = "dwarf-with-dsym";
				ENABLE_NS_ASSERTIONS = NO;
				ENABLE_STRICT_OBJC_MSGSEND = YES;
				GCC_C_LANGUAGE_STANDARD = gnu11;
				GCC_NO_COMMON_BLOCKS = YES;
				GCC_WARN_64_TO_32_BIT_CONVERSION = YES;
				GCC_WARN_ABOUT_RETURN_TYPE = YES_ERROR;
				GCC_WARN_UNDECLARED_SELECTOR = YES;
				GCC_WARN_UNINITIALIZED_AUTOS = YES_AGGRESSIVE;
				GCC_WARN_UNUSED_FUNCTION = YES;
				GCC_WARN_UNUSED_VARIABLE = YES;
				IPHONEOS_DEPLOYMENT_TARGET = 15.5;
				MTL_ENABLE_DEBUG_INFO = NO;
				MTL_FAST_MATH = YES;
				SDKROOT = iphoneos;
				VALIDATE_PRODUCT = YES;
			};
			name = Release;
		};
		5397F613286B676900E9D894 /* Debug */ = {
			isa = XCBuildConfiguration;
			baseConfigurationReference = 4A6C4AD7AD13F42728021244 /* Pods-Suko.debug.xcconfig */;
			buildSettings = {
				ASSETCATALOG_COMPILER_APPICON_NAME = AppIcon;
				ASSETCATALOG_COMPILER_GLOBAL_ACCENT_COLOR_NAME = AccentColor;
				CODE_SIGN_STYLE = Automatic;
				CURRENT_PROJECT_VERSION = 1;
				DEVELOPMENT_TEAM = MMMF73JAZU;
				GENERATE_INFOPLIST_FILE = YES;
				INFOPLIST_FILE = Suko/Info.plist;
				INFOPLIST_KEY_UIApplicationSupportsIndirectInputEvents = YES;
				INFOPLIST_KEY_UILaunchStoryboardName = LaunchScreen;
				INFOPLIST_KEY_UIMainStoryboardFile = Main;
				INFOPLIST_KEY_UISupportedInterfaceOrientations = UIInterfaceOrientationPortrait;
				INFOPLIST_KEY_UISupportedInterfaceOrientations_iPad = "UIInterfaceOrientationPortrait UIInterfaceOrientationPortraitUpsideDown UIInterfaceOrientationLandscapeLeft UIInterfaceOrientationLandscapeRight";
				INFOPLIST_KEY_UISupportedInterfaceOrientations_iPhone = "UIInterfaceOrientationPortrait UIInterfaceOrientationLandscapeLeft UIInterfaceOrientationLandscapeRight";
				LD_RUNPATH_SEARCH_PATHS = (
					"$(inherited)",
					"@executable_path/Frameworks",
				);
				MARKETING_VERSION = 1.0;
				PRODUCT_BUNDLE_IDENTIFIER = com.alicezhang.Suko;
				PRODUCT_NAME = "$(TARGET_NAME)";
				SWIFT_EMIT_LOC_STRINGS = YES;
				TARGETED_DEVICE_FAMILY = "1,2";
			};
			name = Debug;
		};
		5397F614286B676900E9D894 /* Release */ = {
			isa = XCBuildConfiguration;
			baseConfigurationReference = D0F5DD2926412499C9DD7A8C /* Pods-Suko.release.xcconfig */;
			buildSettings = {
				ASSETCATALOG_COMPILER_APPICON_NAME = AppIcon;
				ASSETCATALOG_COMPILER_GLOBAL_ACCENT_COLOR_NAME = AccentColor;
				CODE_SIGN_STYLE = Automatic;
				CURRENT_PROJECT_VERSION = 1;
				DEVELOPMENT_TEAM = MMMF73JAZU;
				GENERATE_INFOPLIST_FILE = YES;
				INFOPLIST_FILE = Suko/Info.plist;
				INFOPLIST_KEY_UIApplicationSupportsIndirectInputEvents = YES;
				INFOPLIST_KEY_UILaunchStoryboardName = LaunchScreen;
				INFOPLIST_KEY_UIMainStoryboardFile = Main;
				INFOPLIST_KEY_UISupportedInterfaceOrientations = UIInterfaceOrientationPortrait;
				INFOPLIST_KEY_UISupportedInterfaceOrientations_iPad = "UIInterfaceOrientationPortrait UIInterfaceOrientationPortraitUpsideDown UIInterfaceOrientationLandscapeLeft UIInterfaceOrientationLandscapeRight";
				INFOPLIST_KEY_UISupportedInterfaceOrientations_iPhone = "UIInterfaceOrientationPortrait UIInterfaceOrientationLandscapeLeft UIInterfaceOrientationLandscapeRight";
				LD_RUNPATH_SEARCH_PATHS = (
					"$(inherited)",
					"@executable_path/Frameworks",
				);
				MARKETING_VERSION = 1.0;
				PRODUCT_BUNDLE_IDENTIFIER = com.alicezhang.Suko;
				PRODUCT_NAME = "$(TARGET_NAME)";
				SWIFT_EMIT_LOC_STRINGS = YES;
				TARGETED_DEVICE_FAMILY = "1,2";
			};
			name = Release;
		};
		5397F616286B676900E9D894 /* Debug */ = {
			isa = XCBuildConfiguration;
			baseConfigurationReference = B661CD64106E019F4756CBA6 /* Pods-SukoTests.debug.xcconfig */;
			buildSettings = {
				BUNDLE_LOADER = "$(TEST_HOST)";
				CODE_SIGN_STYLE = Automatic;
				CURRENT_PROJECT_VERSION = 1;
				DEVELOPMENT_TEAM = MMMF73JAZU;
				GENERATE_INFOPLIST_FILE = YES;
				IPHONEOS_DEPLOYMENT_TARGET = 15.5;
				MARKETING_VERSION = 1.0;
				PRODUCT_BUNDLE_IDENTIFIER = com.alicezhang.SukoTests;
				PRODUCT_NAME = "$(TARGET_NAME)";
				SWIFT_EMIT_LOC_STRINGS = NO;
				TARGETED_DEVICE_FAMILY = "1,2";
				TEST_HOST = "$(BUILT_PRODUCTS_DIR)/Suko.app/Suko";
			};
			name = Debug;
		};
		5397F617286B676900E9D894 /* Release */ = {
			isa = XCBuildConfiguration;
			baseConfigurationReference = E775DE9441CA0D7440095B2C /* Pods-SukoTests.release.xcconfig */;
			buildSettings = {
				BUNDLE_LOADER = "$(TEST_HOST)";
				CODE_SIGN_STYLE = Automatic;
				CURRENT_PROJECT_VERSION = 1;
				DEVELOPMENT_TEAM = MMMF73JAZU;
				GENERATE_INFOPLIST_FILE = YES;
				IPHONEOS_DEPLOYMENT_TARGET = 15.5;
				MARKETING_VERSION = 1.0;
				PRODUCT_BUNDLE_IDENTIFIER = com.alicezhang.SukoTests;
				PRODUCT_NAME = "$(TARGET_NAME)";
				SWIFT_EMIT_LOC_STRINGS = NO;
				TARGETED_DEVICE_FAMILY = "1,2";
				TEST_HOST = "$(BUILT_PRODUCTS_DIR)/Suko.app/Suko";
			};
			name = Release;
		};
		5397F619286B676900E9D894 /* Debug */ = {
			isa = XCBuildConfiguration;
			baseConfigurationReference = 85AA59F7210F419DD51460CD /* Pods-Suko-SukoUITests.debug.xcconfig */;
			buildSettings = {
				CODE_SIGN_STYLE = Automatic;
				CURRENT_PROJECT_VERSION = 1;
				DEVELOPMENT_TEAM = MMMF73JAZU;
				GENERATE_INFOPLIST_FILE = YES;
				MARKETING_VERSION = 1.0;
				PRODUCT_BUNDLE_IDENTIFIER = com.alicezhang.SukoUITests;
				PRODUCT_NAME = "$(TARGET_NAME)";
				SWIFT_EMIT_LOC_STRINGS = NO;
				TARGETED_DEVICE_FAMILY = "1,2";
				TEST_TARGET_NAME = Suko;
			};
			name = Debug;
		};
		5397F61A286B676900E9D894 /* Release */ = {
			isa = XCBuildConfiguration;
			baseConfigurationReference = ED9042470AE56E75211DC361 /* Pods-Suko-SukoUITests.release.xcconfig */;
			buildSettings = {
				CODE_SIGN_STYLE = Automatic;
				CURRENT_PROJECT_VERSION = 1;
				DEVELOPMENT_TEAM = MMMF73JAZU;
				GENERATE_INFOPLIST_FILE = YES;
				MARKETING_VERSION = 1.0;
				PRODUCT_BUNDLE_IDENTIFIER = com.alicezhang.SukoUITests;
				PRODUCT_NAME = "$(TARGET_NAME)";
				SWIFT_EMIT_LOC_STRINGS = NO;
				TARGETED_DEVICE_FAMILY = "1,2";
				TEST_TARGET_NAME = Suko;
			};
			name = Release;
		};
/* End XCBuildConfiguration section */

/* Begin XCConfigurationList section */
		5397F5DE286B676800E9D894 /* Build configuration list for PBXProject "Suko" */ = {
			isa = XCConfigurationList;
			buildConfigurations = (
				5397F610286B676900E9D894 /* Debug */,
				5397F611286B676900E9D894 /* Release */,
			);
			defaultConfigurationIsVisible = 0;
			defaultConfigurationName = Release;
		};
		5397F612286B676900E9D894 /* Build configuration list for PBXNativeTarget "Suko" */ = {
			isa = XCConfigurationList;
			buildConfigurations = (
				5397F613286B676900E9D894 /* Debug */,
				5397F614286B676900E9D894 /* Release */,
			);
			defaultConfigurationIsVisible = 0;
			defaultConfigurationName = Release;
		};
		5397F615286B676900E9D894 /* Build configuration list for PBXNativeTarget "SukoTests" */ = {
			isa = XCConfigurationList;
			buildConfigurations = (
				5397F616286B676900E9D894 /* Debug */,
				5397F617286B676900E9D894 /* Release */,
			);
			defaultConfigurationIsVisible = 0;
			defaultConfigurationName = Release;
		};
		5397F618286B676900E9D894 /* Build configuration list for PBXNativeTarget "SukoUITests" */ = {
			isa = XCConfigurationList;
			buildConfigurations = (
				5397F619286B676900E9D894 /* Debug */,
				5397F61A286B676900E9D894 /* Release */,
			);
			defaultConfigurationIsVisible = 0;
			defaultConfigurationName = Release;
		};
/* End XCConfigurationList section */
	};
	rootObject = 5397F5DB286B676800E9D894 /* Project object */;
}
